[{<<"basho_stats">>,{pkg,<<"basho_stats">>,<<"1.0.3">>},1},
 {<<"bear">>,{pkg,<<"bear">>,<<"0.8.3">>},2},
 {<<"blume">>,{pkg,<<"blume">>,<<"0.1.0">>},1},
 {<<"chash">>,{pkg,<<"chash">>,<<"0.1.1">>},1},
 {<<"clique">>,{pkg,<<"clique">>,<<"0.3.6">>},1},
 {<<"cuttlefish">>,{pkg,<<"cuttlefish">>,<<"2.0.8">>},1},
 {<<"dproto">>,{pkg,<<"dproto">>,<<"0.1.20">>},0},
 {<<"edown">>,{pkg,<<"edown">>,<<"0.8.1">>},0},
 {<<"eleveldb">>,{pkg,<<"eleveldb">>,<<"2.2.19">>},1},
 {<<"eper">>,{pkg,<<"eper">>,<<"0.94.0">>},0},
 {<<"erocksdb">>,{pkg,<<"erocksdb">>,<<"0.4.1">>},1},
 {<<"exometer_core">>,{pkg,<<"basho_exometer_core">>,<<"1.0.2">>},1},
 {<<"fifo_utils">>,{pkg,<<"fifo_utils">>,<<"0.1.22">>},0},
 {<<"folsom">>,{pkg,<<"folsom">>,<<"0.8.3">>},1},
 {<<"getopt">>,{pkg,<<"getopt">>,<<"0.8.2">>},2},
 {<<"goldrush">>,{pkg,<<"goldrush">>,<<"0.1.8">>},1},
 {<<"k6_bytea">>,{pkg,<<"k6_bytea">>,<<"1.1.5">>},0},
 {<<"lager">>,{pkg,<<"lager">>,<<"3.2.1">>},0},
 {<<"mmath">>,{pkg,<<"mmath">>,<<"0.2.9">>},0},
 {<<"mstore">>,{pkg,<<"mstore">>,<<"0.1.17">>},0},
 {<<"parse_trans">>,{pkg,<<"parse_trans">>,<<"2.9.0">>},2},
 {<<"pbkdf2">>,{pkg,<<"pbkdf2">>,<<"2.0.0">>},1},
 {<<"poolboy">>,{pkg,<<"basho_poolboy">>,<<"0.8.1-p3">>},1},
 {<<"quickrand">>,{pkg,<<"quickrand">>,<<"1.5.2-rc1">>},2},
 {<<"ranch">>,{pkg,<<"ranch">>,<<"1.1.0">>},0},
 {<<"recon">>,{pkg,<<"recon">>,<<"2.3.2">>},0},
 {<<"riak_core">>,{pkg,<<"riak_core_ng">>,<<"2.2.6">>},0},
 {<<"riak_ensemble">>,{pkg,<<"riak_ensemble_ng">>,<<"2.2.0">>},1},
 {<<"riak_sysmon">>,{pkg,<<"riak_sysmon">>,<<"2.1.3">>},1},
 {<<"setup">>,{pkg,<<"setup">>,<<"1.7.0">>},2},
 {<<"snappy">>,{pkg,<<"snappy">>,<<"1.1.1">>},0},
 {<<"trie">>,{pkg,<<"trie">>,<<"1.5.1">>},0},
 {<<"uuid">>,{pkg,<<"uuid_erl">>,<<"1.5.1">>},1}].
