{"1.1.0",
[{<<"basho_stats">>,{pkg,<<"basho_stats">>,<<"1.0.3">>},1},
 {<<"bear">>,{pkg,<<"bear">>,<<"0.8.3">>},2},
 {<<"bitmap">>,{pkg,<<"ebitmap">>,<<"0.1.5">>},0},
 {<<"blume">>,{pkg,<<"blume">>,<<"0.1.0">>},1},
 {<<"cf">>,{pkg,<<"cf">>,<<"0.2.2">>},1},
 {<<"chash">>,{pkg,<<"chash">>,<<"0.1.2">>},1},
 {<<"clique">>,{pkg,<<"clique">>,<<"0.3.6">>},1},
 {<<"cuttlefish">>,{pkg,<<"cuttlefish">>,<<"2.0.11">>},1},
 {<<"dproto">>,
  {git,"https://github.com/dalmatinerdb/dproto.git",
       {ref,"1d94b006f8e8f3e4971379f9e82c671df1beb6d5"}},
  0},
 {<<"edown">>,{pkg,<<"edown">>,<<"0.8.1">>},0},
 {<<"eleveldb">>,{pkg,<<"eleveldb">>,<<"2.2.20">>},1},
 {<<"eper">>,{pkg,<<"eper">>,<<"0.94.0">>},0},
 {<<"estore">>,
  {git,"https://github.com/dalmatinerdb/estore.git",
       {ref,"0239550edbf83f19646ef03f877e394b4bf1d85f"}},
  0},
 {<<"exometer_core">>,{pkg,<<"basho_exometer_core">>,<<"1.0.2">>},1},
 {<<"fifo_lager">>,{pkg,<<"fifo_lager">>,<<"0.1.4">>},0},
 {<<"fifo_utils">>,{pkg,<<"fifo_utils">>,<<"0.1.34">>},0},
 {<<"folsom">>,{pkg,<<"folsom">>,<<"0.8.3">>},1},
 {<<"getopt">>,{pkg,<<"getopt">>,<<"0.8.2">>},2},
 {<<"goldrush">>,{pkg,<<"goldrush">>,<<"0.1.9">>},1},
 {<<"hdr_histogram">>,{pkg,<<"hdr_histogram">>,<<"0.2.0">>},0},
 {<<"jam">>,{pkg,<<"jam">>,<<"1.0.0">>},1},
 {<<"jsone">>,{pkg,<<"jsone">>,<<"1.4.3">>},1},
 {<<"jsx">>,{pkg,<<"jsx">>,<<"2.8.0">>},2},
 {<<"jsxd">>,{pkg,<<"jsxd">>,<<"0.2.4">>},0},
 {<<"k6_bytea">>,{pkg,<<"k6_bytea">>,<<"1.1.5">>},0},
 {<<"lager">>,{pkg,<<"lager">>,<<"3.2.4">>},0},
 {<<"lager_graylog">>,{pkg,<<"lager_graylog">>,<<"0.1.1">>},1},
 {<<"lager_logstash_backend">>,
  {pkg,<<"lager_logstash_backend">>,<<"0.1.1">>},
  1},
 {<<"mmath">>,
  {git,"https://github.com/dalmatinerdb/mmath.git",
       {ref,"5d758b07da32cf4a77b9702b87ad6e4c11372f64"}},
  0},
 {<<"mstore">>,
  {git,"https://github.com/dalmatinerdb/mstore.git",
       {ref,"8839d6e17e5a58b745b23a2e630242800ac10744"}},
  0},
 {<<"mstore_inspector">>,
  {git,"https://github.com/dalmatinerdb/mstore_inspector.git",
       {ref,"2a736cf9a841e800fc48b0b0b562639f59d407d0"}},
  0},
 {<<"parse_trans">>,{pkg,<<"parse_trans">>,<<"2.9.0">>},2},
 {<<"pbkdf2">>,{pkg,<<"pbkdf2">>,<<"2.0.0">>},1},
 {<<"poolboy">>,{pkg,<<"basho_poolboy">>,<<"0.8.2">>},1},
 {<<"quickrand">>,{pkg,<<"quickrand">>,<<"1.5.4">>},2},
 {<<"ranch">>,{pkg,<<"ranch">>,<<"1.1.0">>},0},
 {<<"recon">>,{pkg,<<"recon">>,<<"2.3.2">>},0},
 {<<"riak_core">>,
  {git,"https://github.com/project-fifo/riak_core.git",
       {ref,"0602a9e84c0a07b02be079e88ee2501c11c19ea0"}},
  0},
 {<<"riak_ensemble">>,{pkg,<<"riak_ensemble_ng">>,<<"2.4.0">>},1},
 {<<"riak_sysmon">>,{pkg,<<"riak_sysmon">>,<<"2.1.3">>},1},
 {<<"setup">>,{pkg,<<"setup">>,<<"1.7.0">>},2},
 {<<"snappyer">>,{pkg,<<"snappyer">>,<<"1.2.0">>},0},
 {<<"trie">>,{pkg,<<"trie">>,<<"1.6.0">>},0},
 {<<"uuid">>,{pkg,<<"uuid_erl">>,<<"1.5.4">>},1}]}.
[
{pkg_hash,[
 {<<"basho_stats">>, <<"7E1174151509C64FCC1934120ED32295E14F84DAAE7F84926BA2C8D3700D146C">>},
 {<<"bear">>, <<"866002127A97932720A0D475D8582C98EC5FB78DB3A18DFE7EAF91594D9024B8">>},
 {<<"bitmap">>, <<"CCBA452F713F755EE89C1477AC23595060D1A27B3CE7ACD1D5E72008912F9F7D">>},
 {<<"blume">>, <<"62DDA46B43E24D4B8D5407B8F6DDB78EBD2A8CDC84D9BC822CDDAEF6F402F3EB">>},
 {<<"cf">>, <<"7F2913FFF90ABCABD0F489896CFEB0B0674F6C8DF6C10B17A83175448029896C">>},
 {<<"chash">>, <<"AF02484F2640C653C4B9A8557A14CA0704989DBEDB27E7CCBC442F1903A3BCA7">>},
 {<<"clique">>, <<"1A7EB99DF038CC3C76686A67CA41D0F5F6A2F0F5D9863FE091EB8C35600EF80F">>},
 {<<"cuttlefish">>, <<"D266AC68BA801803ACE4EF3DEC0FC419F184092E1882E19F7AFC29A6D4334E6A">>},
 {<<"edown">>, <<"7333B6F6B7BBC736C263E9CEB8261667D7C8F7D92E251829F1A9FE8F24E7B694">>},
 {<<"eleveldb">>, <<"1FFF63A5055BBF4BF821F797EF76065882B193F5E8095F95FCD9287187773B58">>},
 {<<"eper">>, <<"F5FB2DAA0DF8878748E1C598428EDA942A173E5121FF35C1D632129B84593A3A">>},
 {<<"exometer_core">>, <<"DC4BC9B0B47EDEE0C053B16AC5B9C692E662C7E1513FFC96F4D928BC3328D65F">>},
 {<<"fifo_lager">>, <<"9374233205CFC02F837FEFA28209673D7DAD1BC2ADE8534742951C34B6278817">>},
 {<<"fifo_utils">>, <<"F82B2014D10B7C07ACCBF3A7C340B9C80F09E3E17D11CCF1C232D91F8335DB10">>},
 {<<"folsom">>, <<"71CFF146152FA95E6092E62119F9DC96888660111E7B61853C8FDCF80598A4E0">>},
 {<<"getopt">>, <<"B17556DB683000BA50370B16C0619DF1337E7AF7ECBF7D64FBF8D1D6BCE3109B">>},
 {<<"goldrush">>, <<"F06E5D5F1277DA5C413E84D5A2924174182FB108DABB39D5EC548B27424CD106">>},
 {<<"hdr_histogram">>, <<"95A7EC3C8FA354E4CFBFC8F4168EE8F07BD3965CA22B9C45B2A2C9D13B03DCEC">>},
 {<<"jam">>, <<"ED9B180F2F3A775E6A47AC490954976802F0638C19A393F3E86D4BA4CF890582">>},
 {<<"jsone">>, <<"6D5F802136249E64F9D4997043B13355C6EAC314217DC3B19BF3677E351A0641">>},
 {<<"jsx">>, <<"749BEC6D205C694AE1786D62CEA6CC45A390437E24835FD16D12D74F07097727">>},
 {<<"jsxd">>, <<"C14114AFCA463F2D03D3FB6CC81FD51CDA8CA86A47E5AC3ABDF0CA572A73A413">>},
 {<<"k6_bytea">>, <<"BB641D3FCAFC30643365C13C5DFF685C986A8266ECFC9BC0733DC8787DDFED03">>},
 {<<"lager">>, <<"A6DEB74DAE7927F46BD13255268308EF03EB206EC784A94EAF7C1C0F3B811615">>},
 {<<"lager_graylog">>, <<"2C3C11A7BCAB6135F0113DF71E26742B8A301AD2D2A67917526CDD20F90898F9">>},
 {<<"lager_logstash_backend">>, <<"66405FEC3223C13D94C3112933D4234FC7BF8C7DB77A1C9C162183AB5C044F73">>},
 {<<"parse_trans">>, <<"3F5F7B402928FB9FD200C891E635DE909045D1EFAC40CE3F924D3892898F85EB">>},
 {<<"pbkdf2">>, <<"11C23279FDED5C0027AB3996CFAE77805521D7EF4BABDE2BD7EC04A9086CF499">>},
 {<<"poolboy">>, <<"AD5524BF4B8D30EEE0E5386847B74DAD739BB6AE1893F3AF10F54D427ACC96E4">>},
 {<<"quickrand">>, <<"47ADD4755CC5F209CBEFFD6F47C84061196CD7FAD99FD8FD12418EB0D06B939D">>},
 {<<"ranch">>, <<"F7ED6D97DB8C2A27CCA85CACBD543558001FC5A355E93A7BFF1E9A9065A8545B">>},
 {<<"recon">>, <<"4444C879BE323B1B133EEC5241CB84BD3821EA194C740D75617E106BE4744318">>},
 {<<"riak_ensemble">>, <<"6570463BF09F1200C003DE298C5D6615C418D3BF0A2DF5CAF469A9DF2558059A">>},
 {<<"riak_sysmon">>, <<"2E81AF5763336C0B136D7ECEFFBEC3540DB20D54459C9F2AE1275FEE4927FB7B">>},
 {<<"setup">>, <<"15DF8E57C6DF9755E22BFB1AEF0C640BD97E9889396FDFB2A85A5536A9043674">>},
 {<<"snappyer">>, <<"4761F475C53FEC4A027DC90EA0626A735E3D276BFCFAF9A8DC4C7BBDA4D1E058">>},
 {<<"trie">>, <<"8D2B0C850A01B46FC4711AA1862D45D6AE3A0DA963127E44E6535EA88274D7D3">>},
 {<<"uuid">>, <<"06240EFF3EAF013CC22274689B0C1FF6345645EE5D47A9E4ED7545EEB7698B23">>}]}
].
