{"1.1.0",
[{<<"basho_stats">>,{pkg,<<"basho_stats">>,<<"1.0.3">>},1},
 {<<"bear">>,{pkg,<<"bear">>,<<"0.8.3">>},2},
 {<<"bitmap">>,{pkg,<<"ebitmap">>,<<"0.1.3">>},0},
 {<<"blume">>,{pkg,<<"blume">>,<<"0.1.0">>},1},
 {<<"cf">>,{pkg,<<"cf">>,<<"0.2.2">>},1},
 {<<"chash">>,{pkg,<<"chash">>,<<"0.1.2">>},1},
 {<<"clique">>,{pkg,<<"clique">>,<<"0.3.6">>},1},
 {<<"cuttlefish">>,{pkg,<<"cuttlefish">>,<<"2.0.8">>},1},
 {<<"dproto">>,{pkg,<<"dproto">>,<<"0.2.1">>},0},
 {<<"edown">>,{pkg,<<"edown">>,<<"0.8.1">>},0},
 {<<"eleveldb">>,{pkg,<<"eleveldb">>,<<"2.2.19">>},1},
 {<<"eper">>,{pkg,<<"eper">>,<<"0.94.0">>},0},
 {<<"estore">>,{pkg,<<"estore">>,<<"0.1.8">>},0},
 {<<"exometer_core">>,{pkg,<<"basho_exometer_core">>,<<"1.0.2">>},1},
 {<<"fifo_utils">>,{pkg,<<"fifo_utils">>,<<"0.1.27">>},0},
 {<<"folsom">>,{pkg,<<"folsom">>,<<"0.8.3">>},1},
 {<<"getopt">>,{pkg,<<"getopt">>,<<"0.8.2">>},2},
 {<<"goldrush">>,{pkg,<<"goldrush">>,<<"0.1.8">>},1},
 {<<"jsone">>,{pkg,<<"jsone">>,<<"1.4.0">>},1},
 {<<"jsxd">>,{pkg,<<"jsxd">>,<<"0.2.3">>},0},
 {<<"k6_bytea">>,{pkg,<<"k6_bytea">>,<<"1.1.5">>},0},
 {<<"lager">>,{pkg,<<"lager">>,<<"3.2.1">>},0},
 {<<"mmath">>,{pkg,<<"mmath">>,<<"0.2.13">>},0},
 {<<"mstore">>,{pkg,<<"mstore">>,<<"0.2.2">>},0},
 {<<"mstore_inspector">>,
  {git,"https://github.com/dalmatinerdb/mstore_inspector.git",
       {ref,"2a736cf9a841e800fc48b0b0b562639f59d407d0"}},
  0},
 {<<"parse_trans">>,{pkg,<<"parse_trans">>,<<"2.9.0">>},2},
 {<<"pbkdf2">>,{pkg,<<"pbkdf2">>,<<"2.0.0">>},1},
 {<<"poolboy">>,{pkg,<<"basho_poolboy">>,<<"0.8.1-p3">>},1},
 {<<"quickrand">>,{pkg,<<"quickrand">>,<<"1.5.4">>},2},
 {<<"ranch">>,{pkg,<<"ranch">>,<<"1.1.0">>},0},
 {<<"recon">>,{pkg,<<"recon">>,<<"2.3.2">>},0},
 {<<"riak_core">>,{pkg,<<"riak_core_ng">>,<<"2.2.8">>},0},
 {<<"riak_ensemble">>,{pkg,<<"riak_ensemble_ng">>,<<"2.2.0">>},1},
 {<<"riak_sysmon">>,{pkg,<<"riak_sysmon">>,<<"2.1.3">>},1},
 {<<"setup">>,{pkg,<<"setup">>,<<"1.7.0">>},2},
 {<<"snappy">>,{pkg,<<"snappy">>,<<"1.1.1">>},0},
 {<<"trie">>,{pkg,<<"trie">>,<<"1.5.4">>},0},
 {<<"uuid">>,{pkg,<<"uuid_erl">>,<<"1.5.4">>},1}]}.
[
{pkg_hash,[
 {<<"basho_stats">>, <<"7E1174151509C64FCC1934120ED32295E14F84DAAE7F84926BA2C8D3700D146C">>},
 {<<"bear">>, <<"866002127A97932720A0D475D8582C98EC5FB78DB3A18DFE7EAF91594D9024B8">>},
 {<<"bitmap">>, <<"FFD9BD78CE733BD77AEF220567D7B76580F4C8A78D25A1926EBD936518DC87B4">>},
 {<<"blume">>, <<"62DDA46B43E24D4B8D5407B8F6DDB78EBD2A8CDC84D9BC822CDDAEF6F402F3EB">>},
 {<<"cf">>, <<"7F2913FFF90ABCABD0F489896CFEB0B0674F6C8DF6C10B17A83175448029896C">>},
 {<<"chash">>, <<"AF02484F2640C653C4B9A8557A14CA0704989DBEDB27E7CCBC442F1903A3BCA7">>},
 {<<"clique">>, <<"1A7EB99DF038CC3C76686A67CA41D0F5F6A2F0F5D9863FE091EB8C35600EF80F">>},
 {<<"cuttlefish">>, <<"8B2AF27EF8540FCF23CFB6C037318E5C4EBB8D12A1E44F9F932B875B14005C28">>},
 {<<"dproto">>, <<"2CDE2CDA36A80CE062CB90DC1EBEC4DF7AAF658AB40ED88D4A765A6C33DD441A">>},
 {<<"edown">>, <<"7333B6F6B7BBC736C263E9CEB8261667D7C8F7D92E251829F1A9FE8F24E7B694">>},
 {<<"eleveldb">>, <<"81339BEB68DA0A5CDFF8662D5F4E8089B83530A7B8238D3F63B734A4D4C8040D">>},
 {<<"eper">>, <<"F5FB2DAA0DF8878748E1C598428EDA942A173E5121FF35C1D632129B84593A3A">>},
 {<<"estore">>, <<"CC052490B930DC04A786B2A9A44B52FB2163268346B938EF9B00F237E1485AC0">>},
 {<<"exometer_core">>, <<"DC4BC9B0B47EDEE0C053B16AC5B9C692E662C7E1513FFC96F4D928BC3328D65F">>},
 {<<"fifo_utils">>, <<"63B9D8D101BA6AE5A737B872071DD9DC6CBE493CE2096FF091E3BFED26459BF5">>},
 {<<"folsom">>, <<"71CFF146152FA95E6092E62119F9DC96888660111E7B61853C8FDCF80598A4E0">>},
 {<<"getopt">>, <<"B17556DB683000BA50370B16C0619DF1337E7AF7ECBF7D64FBF8D1D6BCE3109B">>},
 {<<"goldrush">>, <<"2024BA375CEEA47E27EA70E14D2C483B2D8610101B4E852EF7F89163CDB6E649">>},
 {<<"jsone">>, <<"6ECFD2C91E16F48E1535743B57D01A42C65D7DD51A8B43E5723B1F79927169A8">>},
 {<<"jsxd">>, <<"B2DBBB24A91536C50F75372FB8E28CD16691707AB53BE9449C59A8A611A581A2">>},
 {<<"k6_bytea">>, <<"BB641D3FCAFC30643365C13C5DFF685C986A8266ECFC9BC0733DC8787DDFED03">>},
 {<<"lager">>, <<"EEF4E18B39E4195D37606D9088EA05BF1B745986CF8EC84F01D332456FE88D17">>},
 {<<"mmath">>, <<"1B11E23B2D11E5D4897A30BAB3779CAAAB8E90EF82F3576D73ECE790DB0F4E57">>},
 {<<"mstore">>, <<"0371B1E31D8D2CA69519262A1142109EB310B9D5F7F013DC9874CE87E06764EE">>},
 {<<"parse_trans">>, <<"3F5F7B402928FB9FD200C891E635DE909045D1EFAC40CE3F924D3892898F85EB">>},
 {<<"pbkdf2">>, <<"11C23279FDED5C0027AB3996CFAE77805521D7EF4BABDE2BD7EC04A9086CF499">>},
 {<<"poolboy">>, <<"EBA815CD24871C37BF0538221D3E12EE14DC015CA5DCA74696E579E53F0FF9D5">>},
 {<<"quickrand">>, <<"47ADD4755CC5F209CBEFFD6F47C84061196CD7FAD99FD8FD12418EB0D06B939D">>},
 {<<"ranch">>, <<"F7ED6D97DB8C2A27CCA85CACBD543558001FC5A355E93A7BFF1E9A9065A8545B">>},
 {<<"recon">>, <<"4444C879BE323B1B133EEC5241CB84BD3821EA194C740D75617E106BE4744318">>},
 {<<"riak_core">>, <<"06D11E838232641E00EE133FDD534F3A68D0F09F893C1EF8DF7D3914ED0F3EAF">>},
 {<<"riak_ensemble">>, <<"2078B8C2D8045B05FDED98E17F2571257F8FB2059C1B9A05C2EA6AFF4D898AD5">>},
 {<<"riak_sysmon">>, <<"2E81AF5763336C0B136D7ECEFFBEC3540DB20D54459C9F2AE1275FEE4927FB7B">>},
 {<<"setup">>, <<"15DF8E57C6DF9755E22BFB1AEF0C640BD97E9889396FDFB2A85A5536A9043674">>},
 {<<"snappy">>, <<"D63449A58F1358046B7ADAEC166AE8929C2B19881E76C4E13284304FE887C39A">>},
 {<<"trie">>, <<"DC9A5A076FEE8A168FEAB7E35B5100ADC58D6B4F031F4D87CE2F372FCFFD8E53">>},
 {<<"uuid">>, <<"06240EFF3EAF013CC22274689B0C1FF6345645EE5D47A9E4ED7545EEB7698B23">>}]}
].
